
Microsoft Visual Studio Solution File, Format Version 12.00
# Visual Studio 15
VisualStudioVersion = 15.0.28307.168
MinimumVisualStudioVersion = 10.0.40219.1
Project("{FAE04EC0-301F-11D3-BF4B-00C04F79EFBC}") = "BankAutomaat.WPF", "BankAutomaat.WPF\BankAutomaat.WPF.csproj", "{0226A4AA-DAB3-4CFB-B974-879D6906473B}"
EndProject
Project("{FAE04EC0-301F-11D3-BF4B-00C04F79EFBC}") = "Bank.Lib", "Bank.Lib\Bank.Lib.csproj", "{5A26AE13-9975-4AC5-829A-C9AAD88CA5A0}"
EndProject
<<<<<<< HEAD
Project("{FAE04EC0-301F-11D3-BF4B-00C04F79EFBC}") = "BankAutomaat.Tests", "..\..\..\source\repos\BankAutomaat.Tests\BankAutomaat.Tests\BankAutomaat.Tests.csproj", "{A657CD18-4747-49E9-9C8F-DC90233F5468}"
=======
Project("{FAE04EC0-301F-11D3-BF4B-00C04F79EFBC}") = "BankAutomaat.Tests", "BankAutomaat.Tests\BankAutomaat.Tests.csproj", "{48424E8C-A490-4CE7-B863-EDE1CBB02B99}"
>>>>>>> 113f1caa99d2b9aaac19443d1a59b6f77aeeb791
EndProject
Global
	GlobalSection(SolutionConfigurationPlatforms) = preSolution
		Debug|Any CPU = Debug|Any CPU
		Release|Any CPU = Release|Any CPU
	EndGlobalSection
	GlobalSection(ProjectConfigurationPlatforms) = postSolution
		{0226A4AA-DAB3-4CFB-B974-879D6906473B}.Debug|Any CPU.ActiveCfg = Debug|Any CPU
		{0226A4AA-DAB3-4CFB-B974-879D6906473B}.Debug|Any CPU.Build.0 = Debug|Any CPU
		{0226A4AA-DAB3-4CFB-B974-879D6906473B}.Release|Any CPU.ActiveCfg = Release|Any CPU
		{0226A4AA-DAB3-4CFB-B974-879D6906473B}.Release|Any CPU.Build.0 = Release|Any CPU
		{5A26AE13-9975-4AC5-829A-C9AAD88CA5A0}.Debug|Any CPU.ActiveCfg = Debug|Any CPU
		{5A26AE13-9975-4AC5-829A-C9AAD88CA5A0}.Debug|Any CPU.Build.0 = Debug|Any CPU
		{5A26AE13-9975-4AC5-829A-C9AAD88CA5A0}.Release|Any CPU.ActiveCfg = Release|Any CPU
		{5A26AE13-9975-4AC5-829A-C9AAD88CA5A0}.Release|Any CPU.Build.0 = Release|Any CPU
<<<<<<< HEAD
		{A657CD18-4747-49E9-9C8F-DC90233F5468}.Debug|Any CPU.ActiveCfg = Debug|Any CPU
		{A657CD18-4747-49E9-9C8F-DC90233F5468}.Debug|Any CPU.Build.0 = Debug|Any CPU
		{A657CD18-4747-49E9-9C8F-DC90233F5468}.Release|Any CPU.ActiveCfg = Release|Any CPU
		{A657CD18-4747-49E9-9C8F-DC90233F5468}.Release|Any CPU.Build.0 = Release|Any CPU
=======
		{48424E8C-A490-4CE7-B863-EDE1CBB02B99}.Debug|Any CPU.ActiveCfg = Debug|Any CPU
		{48424E8C-A490-4CE7-B863-EDE1CBB02B99}.Debug|Any CPU.Build.0 = Debug|Any CPU
		{48424E8C-A490-4CE7-B863-EDE1CBB02B99}.Release|Any CPU.ActiveCfg = Release|Any CPU
		{48424E8C-A490-4CE7-B863-EDE1CBB02B99}.Release|Any CPU.Build.0 = Release|Any CPU
>>>>>>> 113f1caa99d2b9aaac19443d1a59b6f77aeeb791
	EndGlobalSection
	GlobalSection(SolutionProperties) = preSolution
		HideSolutionNode = FALSE
	EndGlobalSection
	GlobalSection(ExtensibilityGlobals) = postSolution
		SolutionGuid = {26F39FFE-13CC-471B-8702-7861C74F4147}
	EndGlobalSection
EndGlobal
